schema: '2.0'
stages:
  convert_labeled_data:
    cmd: python src/convert_labeled_data.py
    deps:
    - path: data/labeled_data.csv
      hash: md5
      md5: e8a24e92d4d7a93d65bee5455ac7a237
      size: 8810
    - path: src/convert_labeled_data.py
      hash: md5
      md5: adfc37913e057ae575d79bcc5c92ed27
      size: 5373
    outs:
    - path: data/annotation_per_row_data.csv
      hash: md5
      md5: 5b4e4aed8f6bdc5f7f12165ab4703003
      size: 6187
  fetch_labeled_data:
    cmd: ./src/fetch_data.sh
    deps:
    - path: src/fetch_data.sh
      hash: md5
      md5: 130de4f67d445c458014f3749442d43f
      size: 628
      isexec: true
    outs:
    - path: data/labeled_data.csv
      hash: md5
      md5: e8a24e92d4d7a93d65bee5455ac7a237
      size: 8810
  download_audio:
    cmd: python ./src/download_audio.py --target-dir data/audio --annotations-file
      data/annotation_per_row_data.csv
    deps:
    - path: data/annotation_per_row_data.csv
      hash: md5
      md5: 5b4e4aed8f6bdc5f7f12165ab4703003
      size: 6187
    - path: src/download_audio.py
      hash: md5
      md5: 19d0a4e1b702e42aa14ead07e1167048
      size: 2737
    outs:
    - path: data/audio
      hash: md5
      md5: 76e7b567abe76d809d629e6189db13d2.dir
      size: 14636020
      nfiles: 51
  extract_data_quality:
    cmd: python ./src/extract_data_quality.py
    deps:
    - path: data/annotation_per_row_data.csv
      hash: md5
      md5: 5b4e4aed8f6bdc5f7f12165ab4703003
      size: 6187
    - path: src/extract_data_quality.py
      hash: md5
      md5: 00b870221932606f650f99d03d300be0
      size: 647
    outs:
    - path: data/data_quality/sample_based_quality.json
      hash: md5
      md5: cc8dcdc4b81a278580abf9af57e5e77b
      size: 102
    - path: data/data_quality/samples_per_label.csv
      hash: md5
      md5: b1a872921f089791572da317cc8646b2
      size: 55
  cut_in_chunks:
    cmd: python src/cut_in_chunks.py
    deps:
    - path: data/annotation_per_row_data.csv
      hash: md5
      md5: f9a65edaa7ac71df1f01c39549250402
      size: 78085
    - path: src/cut_in_chunks.py
      hash: md5
      md5: 351f5095b6f87abbd640c25a9640420b
      size: 994
    params:
      params.yaml:
        chunk_overlap: 30
        chunk_size: 200
    outs:
    - path: data/chunked_data.csv
      hash: md5
      md5: 208b05c400ac9f50d541a1f05eb40d53
      size: 17128119
  balance_data_set:
    cmd: python src/balance_dataset.py
    deps:
    - path: data/chunked_data.csv
      hash: md5
      md5: 208b05c400ac9f50d541a1f05eb40d53
      size: 17128119
    - path: src/balance_dataset.py
      hash: md5
      md5: f40146df2cfbe074a4402a8d98c95f81
      size: 1184
    outs:
    - path: data/balanced_data.csv
      hash: md5
      md5: 7f431ecef78783885462ab82a0a0c919
      size: 474938
  extract_features:
    cmd: python src/extract_stft_features.py
    deps:
    - path: data/audio
      hash: md5
      md5: 76e7b567abe76d809d629e6189db13d2.dir
      size: 14636020
      nfiles: 51
    - path: data/augmented_audio
      hash: md5
      md5: 7e03bb91d71e0e8910f9b65e45595032.dir
      size: 37785960
      nfiles: 590
    - path: data/noise/demand
      hash: md5
      md5: 1d9ac0c06a853fd4dc33d7c4493d3a50.dir
      size: 38400688
      nfiles: 4
    - path: data/noise/esc50
      hash: md5
      md5: 85588592640f55e87116bdd3aff2a4bb.dir
      size: 307284480
      nfiles: 1920
    - path: src/extract_stft_features.py
      hash: md5
      md5: 325933809925004043ef6f478f834744
      size: 2661
    params:
      params.yaml:
        augmentation.external_noise_pools:
        - data/noise/esc50
        - data/noise/demand
    outs:
    - path: data/stft_data/
      hash: md5
      md5: 659b38fd366c57b2f73cee5dfcc905d2.dir
      size: 803544240
      nfiles: 2565
  train_model:
    cmd: python src/train_cnn.py
    deps:
    - path: data/balanced_data.h5
      hash: md5
      md5: 6d8853c8a53fbfb8b851b102d9f44712
      size: 168715848
    - path: data/data_quality/chunk_balanced_quality.json
      hash: md5
      md5: 567e53b8e1cbd34a94241d3182c3c925
      size: 104
    - path: data/data_quality/chunks_per_label.csv
      hash: md5
      md5: dd331473138c91c8ebe986ef2dbe6e07
      size: 42
    - path: data/data_quality/sample_based_quality.json
      hash: md5
      md5: cc8dcdc4b81a278580abf9af57e5e77b
      size: 102
    - path: data/data_quality/samples_per_label.csv
      hash: md5
      md5: b1a872921f089791572da317cc8646b2
      size: 55
    - path: src/train_cnn.py
      hash: md5
      md5: c0beee1f60e1396261657ddbebbccc61
      size: 7152
    - path: src/train_xgboost.py
      hash: md5
      md5: 2af970a02427a5939eacafe96172b24c
      size: 6647
    params:
      params.yaml:
        model:
          learning_rate: 0.001
          batch_size: 32
          epochs: 100
          early_stopping_patience: 10
          dropout: 0.3
          log_compress: true
          random_state: 42
        training:
          test_size: 0.2
    outs:
    - path: models/cnn_model.keras
      hash: md5
      md5: e2e0f3fceeb48f7c4315e9a973606baf
      size: 214562
    - path: models/cnn_normalization.npz
      hash: md5
      md5: 39a4e087d8a974c145eff62a9f4a9ed2
      size: 1532
  draw_data:
    cmd: python src/draw_data.py
    deps:
    - path: data/annotation_per_row_data.csv
      hash: md5
      md5: 5b4e4aed8f6bdc5f7f12165ab4703003
      size: 6187
    - path: data/augmented_annotations.csv
      hash: md5
      md5: d5e03769298bb73b1984c1978615f47a
      size: 70016
    - path: data/noise/demand
      hash: md5
      md5: 1d9ac0c06a853fd4dc33d7c4493d3a50.dir
      size: 38400688
      nfiles: 4
    - path: data/noise/esc50
      hash: md5
      md5: 85588592640f55e87116bdd3aff2a4bb.dir
      size: 307284480
      nfiles: 1920
    - path: data/stft_data/
      hash: md5
      md5: 659b38fd366c57b2f73cee5dfcc905d2.dir
      size: 803544240
      nfiles: 2565
    - path: src/draw_data.py
      hash: md5
      md5: 52062671368d8c2cfacd2b249694a0ba
      size: 9034
    params:
      params.yaml:
        augmentation.external_noise_pools:
        - data/noise/esc50
        - data/noise/demand
        chunk_overlap: 250
        chunk_size: 2000
        external_background_ratio: 0.5
        inbalance_ratio: 1.0
    outs:
    - path: data/balanced_data.h5
      hash: md5
      md5: 6d8853c8a53fbfb8b851b102d9f44712
      size: 168715848
    - path: data/data_quality/chunk_balanced_quality.json
      hash: md5
      md5: 567e53b8e1cbd34a94241d3182c3c925
      size: 104
    - path: data/data_quality/chunks_per_label.csv
      hash: md5
      md5: dd331473138c91c8ebe986ef2dbe6e07
      size: 42
  augmentation:
    cmd: python src/augment_data.py
    deps:
    - path: data/annotation_per_row_data.csv
      hash: md5
      md5: 5b4e4aed8f6bdc5f7f12165ab4703003
      size: 6187
    - path: data/audio
      hash: md5
      md5: 76e7b567abe76d809d629e6189db13d2.dir
      size: 14636020
      nfiles: 51
    - path: data/noise/demand
      hash: md5
      md5: 1d9ac0c06a853fd4dc33d7c4493d3a50.dir
      size: 38400688
      nfiles: 4
    - path: data/noise/esc50
      hash: md5
      md5: 85588592640f55e87116bdd3aff2a4bb.dir
      size: 307284480
      nfiles: 1920
    - path: src/augment_data.py
      hash: md5
      md5: 84ad3989a2d84c7944a94d6fe4e878f9
      size: 10578
    params:
      params.yaml:
        augmentation:
          snrs_db:
          - -5
          - 0
          - 5
          - 10
          - 15
          pairs_per_signal_chunk: 2
          gain_jitter_db: 6
          external_noise_pools:
          - data/noise/esc50
          - data/noise/demand
        chunk_overlap: 250
        chunk_size: 2000
    outs:
    - path: data/augmented_annotations.csv
      hash: md5
      md5: d5e03769298bb73b1984c1978615f47a
      size: 70016
    - path: data/augmented_audio
      hash: md5
      md5: 7e03bb91d71e0e8910f9b65e45595032.dir
      size: 37785960
      nfiles: 590
  fetch_noise_esc50:
    cmd: python src/fetch_noise_esc50.py
    deps:
    - path: src/fetch_noise_esc50.py
      hash: md5
      md5: faefd9884c88b5fa00dbffdff9c4b92d
      size: 2142
    - path: src/noise_pool.py
      hash: md5
      md5: 4dd97f54da52eb5c954e5c6bc5f47a04
      size: 2404
    params:
      params.yaml:
        noise_pools.esc50:
          exclude_categories:
          - church_bells
          - clock_alarm
    outs:
    - path: data/noise/esc50
      hash: md5
      md5: 85588592640f55e87116bdd3aff2a4bb.dir
      size: 307284480
      nfiles: 1920
  fetch_noise_demand:
    cmd: python src/fetch_noise_demand.py
    deps:
    - path: src/fetch_noise_demand.py
      hash: md5
      md5: b3834fe0baf12d9548e6ec8504bffcf9
      size: 1516
    - path: src/noise_pool.py
      hash: md5
      md5: 4dd97f54da52eb5c954e5c6bc5f47a04
      size: 2404
    params:
      params.yaml:
        noise_pools.demand:
          environments:
          - DKITCHEN
          - DLIVING
          - DWASHING
          - OHALLWAY
    outs:
    - path: data/noise/demand
      hash: md5
      md5: 1d9ac0c06a853fd4dc33d7c4493d3a50.dir
      size: 38400688
      nfiles: 4
