schema: '2.0'
stages:
  convert_labeled_data:
    cmd: python src/convert_labeled_data.py
    deps:
    - path: data/labeled_data.csv
      hash: md5
      md5: e8a24e92d4d7a93d65bee5455ac7a237
      size: 8810
    - path: src/convert_labeled_data.py
      hash: md5
      md5: adfc37913e057ae575d79bcc5c92ed27
      size: 5373
    outs:
    - path: data/annotation_per_row_data.csv
      hash: md5
      md5: 5b4e4aed8f6bdc5f7f12165ab4703003
      size: 6187
  fetch_labeled_data:
    cmd: ./src/fetch_data.sh
    deps:
    - path: src/fetch_data.sh
      hash: md5
      md5: 130de4f67d445c458014f3749442d43f
      size: 628
      isexec: true
    outs:
    - path: data/labeled_data.csv
      hash: md5
      md5: e8a24e92d4d7a93d65bee5455ac7a237
      size: 8810
  download_audio:
    cmd: python ./src/download_audio.py --target-dir data/audio --annotations-file
      data/annotation_per_row_data.csv
    deps:
    - path: data/annotation_per_row_data.csv
      hash: md5
      md5: 5b4e4aed8f6bdc5f7f12165ab4703003
      size: 6187
    - path: src/download_audio.py
      hash: md5
      md5: 19d0a4e1b702e42aa14ead07e1167048
      size: 2737
    outs:
    - path: data/audio
      hash: md5
      md5: 76e7b567abe76d809d629e6189db13d2.dir
      size: 14636020
      nfiles: 51
  extract_data_quality:
    cmd: python ./src/extract_data_quality.py
    deps:
    - path: data/annotation_per_row_data.csv
      hash: md5
      md5: 5b4e4aed8f6bdc5f7f12165ab4703003
      size: 6187
    - path: src/extract_data_quality.py
      hash: md5
      md5: 00b870221932606f650f99d03d300be0
      size: 647
    outs:
    - path: data/data_quality/sample_based_quality.json
      hash: md5
      md5: cc8dcdc4b81a278580abf9af57e5e77b
      size: 102
    - path: data/data_quality/samples_per_label.csv
      hash: md5
      md5: b1a872921f089791572da317cc8646b2
      size: 55
  cut_in_chunks:
    cmd: python src/cut_in_chunks.py
    deps:
    - path: data/annotation_per_row_data.csv
      hash: md5
      md5: f9a65edaa7ac71df1f01c39549250402
      size: 78085
    - path: src/cut_in_chunks.py
      hash: md5
      md5: 351f5095b6f87abbd640c25a9640420b
      size: 994
    params:
      params.yaml:
        chunk_overlap: 30
        chunk_size: 200
    outs:
    - path: data/chunked_data.csv
      hash: md5
      md5: 208b05c400ac9f50d541a1f05eb40d53
      size: 17128119
  balance_data_set:
    cmd: python src/balance_dataset.py
    deps:
    - path: data/chunked_data.csv
      hash: md5
      md5: 208b05c400ac9f50d541a1f05eb40d53
      size: 17128119
    - path: src/balance_dataset.py
      hash: md5
      md5: f40146df2cfbe074a4402a8d98c95f81
      size: 1184
    outs:
    - path: data/balanced_data.csv
      hash: md5
      md5: 7f431ecef78783885462ab82a0a0c919
      size: 474938
  extract_features:
    cmd: python src/extract_mfcc_features.py
    deps:
    - path: data/audio
      hash: md5
      md5: 76e7b567abe76d809d629e6189db13d2.dir
      size: 14636020
      nfiles: 51
    - path: data/augmented_audio
      hash: md5
      md5: 77b7fbda7099c07ab97efa020bb689f4.dir
      size: 37785960
      nfiles: 590
    - path: src/extract_mfcc_features.py
      hash: md5
      md5: 46b9dd2dd0448d0c9434360896a3918b
      size: 2451
    params:
      params.yaml:
        feature_extraction:
          n_mfcc: 13
          n_fft: 512
    outs:
    - path: data/mfcc_data/
      hash: md5
      md5: b587bbb6996d6f995281965d206ea76a.dir
      size: 2752040
      nfiles: 641
  train_model:
    cmd: python src/train_xgboost.py
    deps:
    - path: data/balanced_data.h5
      hash: md5
      md5: 8c9b207e78bc365ed58be80a8989cb0a
      size: 5423664
    - path: data/data_quality/chunk_balanced_quality.json
      hash: md5
      md5: 698fc7223476909324db7214f0050491
      size: 104
    - path: data/data_quality/chunks_per_label.csv
      hash: md5
      md5: dd331473138c91c8ebe986ef2dbe6e07
      size: 42
    - path: data/data_quality/sample_based_quality.json
      hash: md5
      md5: cc8dcdc4b81a278580abf9af57e5e77b
      size: 102
    - path: data/data_quality/samples_per_label.csv
      hash: md5
      md5: b1a872921f089791572da317cc8646b2
      size: 55
    - path: src/train_xgboost.py
      hash: md5
      md5: 6762d7357ca9622269075d25e362e58c
      size: 5420
    params:
      params.yaml:
        model:
          n_estimators: 25
          max_depth: 6
          learning_rate: 0.1
          random_state: 42
          eval_metric:
          - logloss
          - error
        training:
          test_size: 0.2
    outs:
    - path: models/xgboost_model.json
      hash: md5
      md5: a79d620301d2ba79188da54fd92137ae
      size: 38460
  draw_data:
    cmd: python src/draw_data.py
    deps:
    - path: data/annotation_per_row_data.csv
      hash: md5
      md5: 5b4e4aed8f6bdc5f7f12165ab4703003
      size: 6187
    - path: data/augmented_annotations.csv
      hash: md5
      md5: 5d2f46931f4a334c3c0f6a771da550d4
      size: 63847
    - path: data/mfcc_data/
      hash: md5
      md5: b587bbb6996d6f995281965d206ea76a.dir
      size: 2752040
      nfiles: 641
    - path: src/draw_data.py
      hash: md5
      md5: fd5c5fb7138db158702e880ed8c5aec1
      size: 5759
    params:
      params.yaml:
        chunk_overlap: 250
        chunk_size: 2000
        inbalance_ratio: 1.0
    outs:
    - path: data/balanced_data.h5
      hash: md5
      md5: 8c9b207e78bc365ed58be80a8989cb0a
      size: 5423664
    - path: data/data_quality/chunk_balanced_quality.json
      hash: md5
      md5: 698fc7223476909324db7214f0050491
      size: 104
    - path: data/data_quality/chunks_per_label.csv
      hash: md5
      md5: dd331473138c91c8ebe986ef2dbe6e07
      size: 42
  augmentation:
    cmd: python src/augment_data.py
    deps:
    - path: data/annotation_per_row_data.csv
      hash: md5
      md5: 5b4e4aed8f6bdc5f7f12165ab4703003
      size: 6187
    - path: data/audio
      hash: md5
      md5: 76e7b567abe76d809d629e6189db13d2.dir
      size: 14636020
      nfiles: 51
    - path: src/augment_data.py
      hash: md5
      md5: b9470a955a166a3e8fcee10d801dd343
      size: 6620
    params:
      params.yaml:
        augmentation:
          snrs_db:
          - -5
          - 0
          - 5
          - 10
          - 15
          pairs_per_signal_chunk: 2
          gain_jitter_db: 6
        chunk_overlap: 250
        chunk_size: 2000
    outs:
    - path: data/augmented_annotations.csv
      hash: md5
      md5: 5d2f46931f4a334c3c0f6a771da550d4
      size: 63847
    - path: data/augmented_audio
      hash: md5
      md5: 77b7fbda7099c07ab97efa020bb689f4.dir
      size: 37785960
      nfiles: 590
